
Microsoft Visual Studio Solution File, Format Version 12.00
# Visual Studio Version 17
VisualStudioVersion = 17.1.32328.378
MinimumVisualStudioVersion = 10.0.40219.1
Project("{9A19103F-16F7-4668-BE54-9A1E7A4F7556}") = "EquipDataManager", "EquipDataManager\EquipDataManager.csproj", "{8880E89C-AEDE-42E4-9F37-4644AB5D1B67}"
EndProject
Project("{9A19103F-16F7-4668-BE54-9A1E7A4F7556}") = "Tools", "Tools\Tools.csproj", "{0B7843E5-E31B-46C7-9819-00FFD912D6CA}"
EndProject
Project("{9A19103F-16F7-4668-BE54-9A1E7A4F7556}") = "EquipDataManagerTests", "EquipDataManagerTests\EquipDataManagerTests.csproj", "{FBFF87B3-1B4E-4796-8CF5-58A84BD9DF47}"
EndProject
Project("{9A19103F-16F7-4668-BE54-9A1E7A4F7556}") = "EquipModel", "EquipModel\EquipModel.csproj", "{45DF20DD-584C-4010-8A4D-C523EB0A834F}"
EndProject
Project("{9A19103F-16F7-4668-BE54-9A1E7A4F7556}") = "UITest", "UITest\UITest.csproj", "{F2984255-650A-46B7-8D37-36CD835588EB}"
EndProject
Project("{9A19103F-16F7-4668-BE54-9A1E7A4F7556}") = "EquipService", "EquipService\EquipService.csproj", "{533D5DAF-FC6E-4787-9A63-DBB53F0782FA}"
EndProject
Project("{9A19103F-16F7-4668-BE54-9A1E7A4F7556}") = "SystemSet", "SystemSet\SystemSet.csproj", "{BCC0FADB-5EF9-4BCD-B0E9-32C539B1F615}"
EndProject
Project("{9A19103F-16F7-4668-BE54-9A1E7A4F7556}") = "UserManagement", "UserManagement\UserManagement\UserManagement.csproj", "{DF69C800-12F4-4884-A0DD-8E6AB3733815}"
EndProject
Project("{9A19103F-16F7-4668-BE54-9A1E7A4F7556}") = "SystemSetClient", "SystemSetClient\SystemSetClient.csproj", "{7D84161B-2C0E-430C-8C06-CC4E7E334009}"
EndProject
Project("{9A19103F-16F7-4668-BE54-9A1E7A4F7556}") = "AntistaticApi", "AntistaticApi\AntistaticApi.csproj", "{62F68CAD-23D7-44D3-B6DF-7AEC34D6E994}"
EndProject
Global
	GlobalSection(SolutionConfigurationPlatforms) = preSolution
		Debug|Any CPU = Debug|Any CPU
		Release|Any CPU = Release|Any CPU
	EndGlobalSection
	GlobalSection(ProjectConfigurationPlatforms) = postSolution
		{8880E89C-AEDE-42E4-9F37-4644AB5D1B67}.Debug|Any CPU.ActiveCfg = Debug|Any CPU
		{8880E89C-AEDE-42E4-9F37-4644AB5D1B67}.Debug|Any CPU.Build.0 = Debug|Any CPU
		{8880E89C-AEDE-42E4-9F37-4644AB5D1B67}.Release|Any CPU.ActiveCfg = Release|Any CPU
		{8880E89C-AEDE-42E4-9F37-4644AB5D1B67}.Release|Any CPU.Build.0 = Release|Any CPU
		{0B7843E5-E31B-46C7-9819-00FFD912D6CA}.Debug|Any CPU.ActiveCfg = Debug|Any CPU
		{0B7843E5-E31B-46C7-9819-00FFD912D6CA}.Debug|Any CPU.Build.0 = Debug|Any CPU
		{0B7843E5-E31B-46C7-9819-00FFD912D6CA}.Release|Any CPU.ActiveCfg = Release|Any CPU
		{0B7843E5-E31B-46C7-9819-00FFD912D6CA}.Release|Any CPU.Build.0 = Release|Any CPU
		{FBFF87B3-1B4E-4796-8CF5-58A84BD9DF47}.Debug|Any CPU.ActiveCfg = Debug|Any CPU
		{FBFF87B3-1B4E-4796-8CF5-58A84BD9DF47}.Debug|Any CPU.Build.0 = Debug|Any CPU
		{FBFF87B3-1B4E-4796-8CF5-58A84BD9DF47}.Release|Any CPU.ActiveCfg = Release|Any CPU
		{FBFF87B3-1B4E-4796-8CF5-58A84BD9DF47}.Release|Any CPU.Build.0 = Release|Any CPU
		{45DF20DD-584C-4010-8A4D-C523EB0A834F}.Debug|Any CPU.ActiveCfg = Debug|Any CPU
		{45DF20DD-584C-4010-8A4D-C523EB0A834F}.Debug|Any CPU.Build.0 = Debug|Any CPU
		{45DF20DD-584C-4010-8A4D-C523EB0A834F}.Release|Any CPU.ActiveCfg = Release|Any CPU
		{45DF20DD-584C-4010-8A4D-C523EB0A834F}.Release|Any CPU.Build.0 = Release|Any CPU
		{F2984255-650A-46B7-8D37-36CD835588EB}.Debug|Any CPU.ActiveCfg = Debug|Any CPU
		{F2984255-650A-46B7-8D37-36CD835588EB}.Debug|Any CPU.Build.0 = Debug|Any CPU
		{F2984255-650A-46B7-8D37-36CD835588EB}.Release|Any CPU.ActiveCfg = Release|Any CPU
		{F2984255-650A-46B7-8D37-36CD835588EB}.Release|Any CPU.Build.0 = Release|Any CPU
		{533D5DAF-FC6E-4787-9A63-DBB53F0782FA}.Debug|Any CPU.ActiveCfg = Debug|Any CPU
		{533D5DAF-FC6E-4787-9A63-DBB53F0782FA}.Debug|Any CPU.Build.0 = Debug|Any CPU
		{533D5DAF-FC6E-4787-9A63-DBB53F0782FA}.Release|Any CPU.ActiveCfg = Release|Any CPU
		{533D5DAF-FC6E-4787-9A63-DBB53F0782FA}.Release|Any CPU.Build.0 = Release|Any CPU
		{BCC0FADB-5EF9-4BCD-B0E9-32C539B1F615}.Debug|Any CPU.ActiveCfg = Debug|Any CPU
		{BCC0FADB-5EF9-4BCD-B0E9-32C539B1F615}.Debug|Any CPU.Build.0 = Debug|Any CPU
		{BCC0FADB-5EF9-4BCD-B0E9-32C539B1F615}.Release|Any CPU.ActiveCfg = Release|Any CPU
		{BCC0FADB-5EF9-4BCD-B0E9-32C539B1F615}.Release|Any CPU.Build.0 = Release|Any CPU
		{DF69C800-12F4-4884-A0DD-8E6AB3733815}.Debug|Any CPU.ActiveCfg = Debug|Any CPU
		{DF69C800-12F4-4884-A0DD-8E6AB3733815}.Debug|Any CPU.Build.0 = Debug|Any CPU
		{DF69C800-12F4-4884-A0DD-8E6AB3733815}.Release|Any CPU.ActiveCfg = Release|Any CPU
		{DF69C800-12F4-4884-A0DD-8E6AB3733815}.Release|Any CPU.Build.0 = Release|Any CPU
		{7D84161B-2C0E-430C-8C06-CC4E7E334009}.Debug|Any CPU.ActiveCfg = Debug|Any CPU
		{7D84161B-2C0E-430C-8C06-CC4E7E334009}.Debug|Any CPU.Build.0 = Debug|Any CPU
		{7D84161B-2C0E-430C-8C06-CC4E7E334009}.Release|Any CPU.ActiveCfg = Release|Any CPU
		{7D84161B-2C0E-430C-8C06-CC4E7E334009}.Release|Any CPU.Build.0 = Release|Any CPU
		{62F68CAD-23D7-44D3-B6DF-7AEC34D6E994}.Debug|Any CPU.ActiveCfg = Debug|Any CPU
		{62F68CAD-23D7-44D3-B6DF-7AEC34D6E994}.Debug|Any CPU.Build.0 = Debug|Any CPU
		{62F68CAD-23D7-44D3-B6DF-7AEC34D6E994}.Release|Any CPU.ActiveCfg = Release|Any CPU
		{62F68CAD-23D7-44D3-B6DF-7AEC34D6E994}.Release|Any CPU.Build.0 = Release|Any CPU
	EndGlobalSection
	GlobalSection(SolutionProperties) = preSolution
		HideSolutionNode = FALSE
	EndGlobalSection
	GlobalSection(ExtensibilityGlobals) = postSolution
		SolutionGuid = {E42DA9DB-A141-454E-B225-E2A69C1687F9}
	EndGlobalSection
EndGlobal
